
Microsoft Visual Studio Solution File, Format Version 12.00
# Visual Studio 15
VisualStudioVersion = 15.0.26730.15
MinimumVisualStudioVersion = 10.0.40219.1
Project("{FAE04EC0-301F-11D3-BF4B-00C04F79EFBC}") = "MVApp.Android", "MVApp\MVApp.Android\MVApp.Android.csproj", "{471942D7-660A-407A-A48B-C7A69C3FAF42}"
EndProject
Project("{FAE04EC0-301F-11D3-BF4B-00C04F79EFBC}") = "MVApp", "MVApp\MVApp\MVApp.csproj", "{C0AEE4C2-C444-498C-91F8-85C8634794D7}"
EndProject
Project("{FAE04EC0-301F-11D3-BF4B-00C04F79EFBC}") = "MVApp.UWP", "MVApp\MVApp.UWP\MVApp.UWP.csproj", "{A333727F-E63D-4E97-87C6-AB55E924FA3C}"
EndProject
Project("{FAE04EC0-301F-11D3-BF4B-00C04F79EFBC}") = "MVApp.iOS", "MVApp\MVApp.iOS\MVApp.iOS.csproj", "{77FE2864-400C-4FEB-9EB5-A2CB9FD2AAD6}"
EndProject
Global
	GlobalSection(SolutionConfigurationPlatforms) = preSolution
		Ad-Hoc|Any CPU = Ad-Hoc|Any CPU
		Ad-Hoc|ARM = Ad-Hoc|ARM
		Ad-Hoc|iPhone = Ad-Hoc|iPhone
		Ad-Hoc|iPhoneSimulator = Ad-Hoc|iPhoneSimulator
		Ad-Hoc|x64 = Ad-Hoc|x64
		Ad-Hoc|x86 = Ad-Hoc|x86
		AppStore|Any CPU = AppStore|Any CPU
		AppStore|ARM = AppStore|ARM
		AppStore|iPhone = AppStore|iPhone
		AppStore|iPhoneSimulator = AppStore|iPhoneSimulator
		AppStore|x64 = AppStore|x64
		AppStore|x86 = AppStore|x86
		Debug|Any CPU = Debug|Any CPU
		Debug|ARM = Debug|ARM
		Debug|iPhone = Debug|iPhone
		Debug|iPhoneSimulator = Debug|iPhoneSimulator
		Debug|x64 = Debug|x64
		Debug|x86 = Debug|x86
		Release|Any CPU = Release|Any CPU
		Release|ARM = Release|ARM
		Release|iPhone = Release|iPhone
		Release|iPhoneSimulator = Release|iPhoneSimulator
		Release|x64 = Release|x64
		Release|x86 = Release|x86
	EndGlobalSection
	GlobalSection(ProjectConfigurationPlatforms) = postSolution
		{471942D7-660A-407A-A48B-C7A69C3FAF42}.Ad-Hoc|Any CPU.ActiveCfg = Release|Any CPU
		{471942D7-660A-407A-A48B-C7A69C3FAF42}.Ad-Hoc|Any CPU.Build.0 = Release|Any CPU
		{471942D7-660A-407A-A48B-C7A69C3FAF42}.Ad-Hoc|Any CPU.Deploy.0 = Release|Any CPU
		{471942D7-660A-407A-A48B-C7A69C3FAF42}.Ad-Hoc|ARM.ActiveCfg = Release|Any CPU
		{471942D7-660A-407A-A48B-C7A69C3FAF42}.Ad-Hoc|ARM.Build.0 = Release|Any CPU
		{471942D7-660A-407A-A48B-C7A69C3FAF42}.Ad-Hoc|ARM.Deploy.0 = Release|Any CPU
		{471942D7-660A-407A-A48B-C7A69C3FAF42}.Ad-Hoc|iPhone.ActiveCfg = Release|Any CPU
		{471942D7-660A-407A-A48B-C7A69C3FAF42}.Ad-Hoc|iPhone.Build.0 = Release|Any CPU
		{471942D7-660A-407A-A48B-C7A69C3FAF42}.Ad-Hoc|iPhone.Deploy.0 = Release|Any CPU
		{471942D7-660A-407A-A48B-C7A69C3FAF42}.Ad-Hoc|iPhoneSimulator.ActiveCfg = Release|Any CPU
		{471942D7-660A-407A-A48B-C7A69C3FAF42}.Ad-Hoc|iPhoneSimulator.Build.0 = Release|Any CPU
		{471942D7-660A-407A-A48B-C7A69C3FAF42}.Ad-Hoc|iPhoneSimulator.Deploy.0 = Release|Any CPU
		{471942D7-660A-407A-A48B-C7A69C3FAF42}.Ad-Hoc|x64.ActiveCfg = Release|Any CPU
		{471942D7-660A-407A-A48B-C7A69C3FAF42}.Ad-Hoc|x64.Build.0 = Release|Any CPU
		{471942D7-660A-407A-A48B-C7A69C3FAF42}.Ad-Hoc|x64.Deploy.0 = Release|Any CPU
		{471942D7-660A-407A-A48B-C7A69C3FAF42}.Ad-Hoc|x86.ActiveCfg = Release|Any CPU
		{471942D7-660A-407A-A48B-C7A69C3FAF42}.Ad-Hoc|x86.Build.0 = Release|Any CPU
		{471942D7-660A-407A-A48B-C7A69C3FAF42}.Ad-Hoc|x86.Deploy.0 = Release|Any CPU
		{471942D7-660A-407A-A48B-C7A69C3FAF42}.AppStore|Any CPU.ActiveCfg = Release|Any CPU
		{471942D7-660A-407A-A48B-C7A69C3FAF42}.AppStore|Any CPU.Build.0 = Release|Any CPU
		{471942D7-660A-407A-A48B-C7A69C3FAF42}.AppStore|Any CPU.Deploy.0 = Release|Any CPU
		{471942D7-660A-407A-A48B-C7A69C3FAF42}.AppStore|ARM.ActiveCfg = Release|Any CPU
		{471942D7-660A-407A-A48B-C7A69C3FAF42}.AppStore|ARM.Build.0 = Release|Any CPU
		{471942D7-660A-407A-A48B-C7A69C3FAF42}.AppStore|ARM.Deploy.0 = Release|Any CPU
		{471942D7-660A-407A-A48B-C7A69C3FAF42}.AppStore|iPhone.ActiveCfg = Release|Any CPU
		{471942D7-660A-407A-A48B-C7A69C3FAF42}.AppStore|iPhone.Build.0 = Release|Any CPU
		{471942D7-660A-407A-A48B-C7A69C3FAF42}.AppStore|iPhone.Deploy.0 = Release|Any CPU
		{471942D7-660A-407A-A48B-C7A69C3FAF42}.AppStore|iPhoneSimulator.ActiveCfg = Release|Any CPU
		{471942D7-660A-407A-A48B-C7A69C3FAF42}.AppStore|iPhoneSimulator.Build.0 = Release|Any CPU
		{471942D7-660A-407A-A48B-C7A69C3FAF42}.AppStore|iPhoneSimulator.Deploy.0 = Release|Any CPU
		{471942D7-660A-407A-A48B-C7A69C3FAF42}.AppStore|x64.ActiveCfg = Release|Any CPU
		{471942D7-660A-407A-A48B-C7A69C3FAF42}.AppStore|x64.Build.0 = Release|Any CPU
		{471942D7-660A-407A-A48B-C7A69C3FAF42}.AppStore|x64.Deploy.0 = Release|Any CPU
		{471942D7-660A-407A-A48B-C7A69C3FAF42}.AppStore|x86.ActiveCfg = Release|Any CPU
		{471942D7-660A-407A-A48B-C7A69C3FAF42}.AppStore|x86.Build.0 = Release|Any CPU
		{471942D7-660A-407A-A48B-C7A69C3FAF42}.AppStore|x86.Deploy.0 = Release|Any CPU
		{471942D7-660A-407A-A48B-C7A69C3FAF42}.Debug|Any CPU.ActiveCfg = Debug|Any CPU
		{471942D7-660A-407A-A48B-C7A69C3FAF42}.Debug|Any CPU.Build.0 = Debug|Any CPU
		{471942D7-660A-407A-A48B-C7A69C3FAF42}.Debug|Any CPU.Deploy.0 = Debug|Any CPU
		{471942D7-660A-407A-A48B-C7A69C3FAF42}.Debug|ARM.ActiveCfg = Debug|Any CPU
		{471942D7-660A-407A-A48B-C7A69C3FAF42}.Debug|ARM.Build.0 = Debug|Any CPU
		{471942D7-660A-407A-A48B-C7A69C3FAF42}.Debug|ARM.Deploy.0 = Debug|Any CPU
		{471942D7-660A-407A-A48B-C7A69C3FAF42}.Debug|iPhone.ActiveCfg = Debug|Any CPU
		{471942D7-660A-407A-A48B-C7A69C3FAF42}.Debug|iPhone.Build.0 = Debug|Any CPU
		{471942D7-660A-407A-A48B-C7A69C3FAF42}.Debug|iPhone.Deploy.0 = Debug|Any CPU
		{471942D7-660A-407A-A48B-C7A69C3FAF42}.Debug|iPhoneSimulator.ActiveCfg = Debug|Any CPU
		{471942D7-660A-407A-A48B-C7A69C3FAF42}.Debug|iPhoneSimulator.Build.0 = Debug|Any CPU
		{471942D7-660A-407A-A48B-C7A69C3FAF42}.Debug|iPhoneSimulator.Deploy.0 = Debug|Any CPU
		{471942D7-660A-407A-A48B-C7A69C3FAF42}.Debug|x64.ActiveCfg = Debug|Any CPU
		{471942D7-660A-407A-A48B-C7A69C3FAF42}.Debug|x64.Build.0 = Debug|Any CPU
		{471942D7-660A-407A-A48B-C7A69C3FAF42}.Debug|x64.Deploy.0 = Debug|Any CPU
		{471942D7-660A-407A-A48B-C7A69C3FAF42}.Debug|x86.ActiveCfg = Debug|Any CPU
		{471942D7-660A-407A-A48B-C7A69C3FAF42}.Debug|x86.Build.0 = Debug|Any CPU
		{471942D7-660A-407A-A48B-C7A69C3FAF42}.Debug|x86.Deploy.0 = Debug|Any CPU
		{471942D7-660A-407A-A48B-C7A69C3FAF42}.Release|Any CPU.ActiveCfg = Release|Any CPU
		{471942D7-660A-407A-A48B-C7A69C3FAF42}.Release|Any CPU.Build.0 = Release|Any CPU
		{471942D7-660A-407A-A48B-C7A69C3FAF42}.Release|Any CPU.Deploy.0 = Release|Any CPU
		{471942D7-660A-407A-A48B-C7A69C3FAF42}.Release|ARM.ActiveCfg = Release|Any CPU
		{471942D7-660A-407A-A48B-C7A69C3FAF42}.Release|ARM.Build.0 = Release|Any CPU
		{471942D7-660A-407A-A48B-C7A69C3FAF42}.Release|ARM.Deploy.0 = Release|Any CPU
		{471942D7-660A-407A-A48B-C7A69C3FAF42}.Release|iPhone.ActiveCfg = Release|Any CPU
		{471942D7-660A-407A-A48B-C7A69C3FAF42}.Release|iPhone.Build.0 = Release|Any CPU
		{471942D7-660A-407A-A48B-C7A69C3FAF42}.Release|iPhone.Deploy.0 = Release|Any CPU
		{471942D7-660A-407A-A48B-C7A69C3FAF42}.Release|iPhoneSimulator.ActiveCfg = Release|Any CPU
		{471942D7-660A-407A-A48B-C7A69C3FAF42}.Release|iPhoneSimulator.Build.0 = Release|Any CPU
		{471942D7-660A-407A-A48B-C7A69C3FAF42}.Release|iPhoneSimulator.Deploy.0 = Release|Any CPU
		{471942D7-660A-407A-A48B-C7A69C3FAF42}.Release|x64.ActiveCfg = Release|Any CPU
		{471942D7-660A-407A-A48B-C7A69C3FAF42}.Release|x64.Build.0 = Release|Any CPU
		{471942D7-660A-407A-A48B-C7A69C3FAF42}.Release|x64.Deploy.0 = Release|Any CPU
		{471942D7-660A-407A-A48B-C7A69C3FAF42}.Release|x86.ActiveCfg = Release|Any CPU
		{471942D7-660A-407A-A48B-C7A69C3FAF42}.Release|x86.Build.0 = Release|Any CPU
		{471942D7-660A-407A-A48B-C7A69C3FAF42}.Release|x86.Deploy.0 = Release|Any CPU
		{C0AEE4C2-C444-498C-91F8-85C8634794D7}.Ad-Hoc|Any CPU.ActiveCfg = Release|Any CPU
		{C0AEE4C2-C444-498C-91F8-85C8634794D7}.Ad-Hoc|Any CPU.Build.0 = Release|Any CPU
		{C0AEE4C2-C444-498C-91F8-85C8634794D7}.Ad-Hoc|ARM.ActiveCfg = Release|Any CPU
		{C0AEE4C2-C444-498C-91F8-85C8634794D7}.Ad-Hoc|ARM.Build.0 = Release|Any CPU
		{C0AEE4C2-C444-498C-91F8-85C8634794D7}.Ad-Hoc|iPhone.ActiveCfg = Release|Any CPU
		{C0AEE4C2-C444-498C-91F8-85C8634794D7}.Ad-Hoc|iPhone.Build.0 = Release|Any CPU
		{C0AEE4C2-C444-498C-91F8-85C8634794D7}.Ad-Hoc|iPhoneSimulator.ActiveCfg = Release|Any CPU
		{C0AEE4C2-C444-498C-91F8-85C8634794D7}.Ad-Hoc|iPhoneSimulator.Build.0 = Release|Any CPU
		{C0AEE4C2-C444-498C-91F8-85C8634794D7}.Ad-Hoc|x64.ActiveCfg = Release|Any CPU
		{C0AEE4C2-C444-498C-91F8-85C8634794D7}.Ad-Hoc|x64.Build.0 = Release|Any CPU
		{C0AEE4C2-C444-498C-91F8-85C8634794D7}.Ad-Hoc|x86.ActiveCfg = Release|Any CPU
		{C0AEE4C2-C444-498C-91F8-85C8634794D7}.Ad-Hoc|x86.Build.0 = Release|Any CPU
		{C0AEE4C2-C444-498C-91F8-85C8634794D7}.AppStore|Any CPU.ActiveCfg = Release|Any CPU
		{C0AEE4C2-C444-498C-91F8-85C8634794D7}.AppStore|Any CPU.Build.0 = Release|Any CPU
		{C0AEE4C2-C444-498C-91F8-85C8634794D7}.AppStore|ARM.ActiveCfg = Release|Any CPU
		{C0AEE4C2-C444-498C-91F8-85C8634794D7}.AppStore|ARM.Build.0 = Release|Any CPU
		{C0AEE4C2-C444-498C-91F8-85C8634794D7}.AppStore|iPhone.ActiveCfg = Release|Any CPU
		{C0AEE4C2-C444-498C-91F8-85C8634794D7}.AppStore|iPhone.Build.0 = Release|Any CPU
		{C0AEE4C2-C444-498C-91F8-85C8634794D7}.AppStore|iPhoneSimulator.ActiveCfg = Release|Any CPU
		{C0AEE4C2-C444-498C-91F8-85C8634794D7}.AppStore|iPhoneSimulator.Build.0 = Release|Any CPU
		{C0AEE4C2-C444-498C-91F8-85C8634794D7}.AppStore|x64.ActiveCfg = Release|Any CPU
		{C0AEE4C2-C444-498C-91F8-85C8634794D7}.AppStore|x64.Build.0 = Release|Any CPU
		{C0AEE4C2-C444-498C-91F8-85C8634794D7}.AppStore|x86.ActiveCfg = Release|Any CPU
		{C0AEE4C2-C444-498C-91F8-85C8634794D7}.AppStore|x86.Build.0 = Release|Any CPU
		{C0AEE4C2-C444-498C-91F8-85C8634794D7}.Debug|Any CPU.ActiveCfg = Debug|Any CPU
		{C0AEE4C2-C444-498C-91F8-85C8634794D7}.Debug|Any CPU.Build.0 = Debug|Any CPU
		{C0AEE4C2-C444-498C-91F8-85C8634794D7}.Debug|ARM.ActiveCfg = Debug|Any CPU
		{C0AEE4C2-C444-498C-91F8-85C8634794D7}.Debug|ARM.Build.0 = Debug|Any CPU
		{C0AEE4C2-C444-498C-91F8-85C8634794D7}.Debug|iPhone.ActiveCfg = Debug|Any CPU
		{C0AEE4C2-C444-498C-91F8-85C8634794D7}.Debug|iPhone.Build.0 = Debug|Any CPU
		{C0AEE4C2-C444-498C-91F8-85C8634794D7}.Debug|iPhoneSimulator.ActiveCfg = Debug|Any CPU
		{C0AEE4C2-C444-498C-91F8-85C8634794D7}.Debug|iPhoneSimulator.Build.0 = Debug|Any CPU
		{C0AEE4C2-C444-498C-91F8-85C8634794D7}.Debug|x64.ActiveCfg = Debug|Any CPU
		{C0AEE4C2-C444-498C-91F8-85C8634794D7}.Debug|x64.Build.0 = Debug|Any CPU
		{C0AEE4C2-C444-498C-91F8-85C8634794D7}.Debug|x86.ActiveCfg = Debug|Any CPU
		{C0AEE4C2-C444-498C-91F8-85C8634794D7}.Debug|x86.Build.0 = Debug|Any CPU
		{C0AEE4C2-C444-498C-91F8-85C8634794D7}.Release|Any CPU.ActiveCfg = Release|Any CPU
		{C0AEE4C2-C444-498C-91F8-85C8634794D7}.Release|Any CPU.Build.0 = Release|Any CPU
		{C0AEE4C2-C444-498C-91F8-85C8634794D7}.Release|ARM.ActiveCfg = Release|Any CPU
		{C0AEE4C2-C444-498C-91F8-85C8634794D7}.Release|ARM.Build.0 = Release|Any CPU
		{C0AEE4C2-C444-498C-91F8-85C8634794D7}.Release|iPhone.ActiveCfg = Release|Any CPU
		{C0AEE4C2-C444-498C-91F8-85C8634794D7}.Release|iPhone.Build.0 = Release|Any CPU
		{C0AEE4C2-C444-498C-91F8-85C8634794D7}.Release|iPhoneSimulator.ActiveCfg = Release|Any CPU
		{C0AEE4C2-C444-498C-91F8-85C8634794D7}.Release|iPhoneSimulator.Build.0 = Release|Any CPU
		{C0AEE4C2-C444-498C-91F8-85C8634794D7}.Release|x64.ActiveCfg = Release|Any CPU
		{C0AEE4C2-C444-498C-91F8-85C8634794D7}.Release|x64.Build.0 = Release|Any CPU
		{C0AEE4C2-C444-498C-91F8-85C8634794D7}.Release|x86.ActiveCfg = Release|Any CPU
		{C0AEE4C2-C444-498C-91F8-85C8634794D7}.Release|x86.Build.0 = Release|Any CPU
		{A333727F-E63D-4E97-87C6-AB55E924FA3C}.Ad-Hoc|Any CPU.ActiveCfg = Release|x86
		{A333727F-E63D-4E97-87C6-AB55E924FA3C}.Ad-Hoc|Any CPU.Build.0 = Release|x86
		{A333727F-E63D-4E97-87C6-AB55E924FA3C}.Ad-Hoc|Any CPU.Deploy.0 = Release|x86
		{A333727F-E63D-4E97-87C6-AB55E924FA3C}.Ad-Hoc|ARM.ActiveCfg = Release|ARM
		{A333727F-E63D-4E97-87C6-AB55E924FA3C}.Ad-Hoc|ARM.Build.0 = Release|ARM
		{A333727F-E63D-4E97-87C6-AB55E924FA3C}.Ad-Hoc|ARM.Deploy.0 = Release|ARM
		{A333727F-E63D-4E97-87C6-AB55E924FA3C}.Ad-Hoc|iPhone.ActiveCfg = Release|x86
		{A333727F-E63D-4E97-87C6-AB55E924FA3C}.Ad-Hoc|iPhone.Build.0 = Release|x86
		{A333727F-E63D-4E97-87C6-AB55E924FA3C}.Ad-Hoc|iPhone.Deploy.0 = Release|x86
		{A333727F-E63D-4E97-87C6-AB55E924FA3C}.Ad-Hoc|iPhoneSimulator.ActiveCfg = Release|x86
		{A333727F-E63D-4E97-87C6-AB55E924FA3C}.Ad-Hoc|iPhoneSimulator.Build.0 = Release|x86
		{A333727F-E63D-4E97-87C6-AB55E924FA3C}.Ad-Hoc|iPhoneSimulator.Deploy.0 = Release|x86
		{A333727F-E63D-4E97-87C6-AB55E924FA3C}.Ad-Hoc|x64.ActiveCfg = Release|x64
		{A333727F-E63D-4E97-87C6-AB55E924FA3C}.Ad-Hoc|x64.Build.0 = Release|x64
		{A333727F-E63D-4E97-87C6-AB55E924FA3C}.Ad-Hoc|x64.Deploy.0 = Release|x64
		{A333727F-E63D-4E97-87C6-AB55E924FA3C}.Ad-Hoc|x86.ActiveCfg = Release|x86
		{A333727F-E63D-4E97-87C6-AB55E924FA3C}.Ad-Hoc|x86.Build.0 = Release|x86
		{A333727F-E63D-4E97-87C6-AB55E924FA3C}.Ad-Hoc|x86.Deploy.0 = Release|x86
		{A333727F-E63D-4E97-87C6-AB55E924FA3C}.AppStore|Any CPU.ActiveCfg = Release|x86
		{A333727F-E63D-4E97-87C6-AB55E924FA3C}.AppStore|Any CPU.Build.0 = Release|x86
		{A333727F-E63D-4E97-87C6-AB55E924FA3C}.AppStore|Any CPU.Deploy.0 = Release|x86
		{A333727F-E63D-4E97-87C6-AB55E924FA3C}.AppStore|ARM.ActiveCfg = Release|ARM
		{A333727F-E63D-4E97-87C6-AB55E924FA3C}.AppStore|ARM.Build.0 = Release|ARM
		{A333727F-E63D-4E97-87C6-AB55E924FA3C}.AppStore|ARM.Deploy.0 = Release|ARM
		{A333727F-E63D-4E97-87C6-AB55E924FA3C}.AppStore|iPhone.ActiveCfg = Release|x86
		{A333727F-E63D-4E97-87C6-AB55E924FA3C}.AppStore|iPhone.Build.0 = Release|x86
		{A333727F-E63D-4E97-87C6-AB55E924FA3C}.AppStore|iPhone.Deploy.0 = Release|x86
		{A333727F-E63D-4E97-87C6-AB55E924FA3C}.AppStore|iPhoneSimulator.ActiveCfg = Release|x86
		{A333727F-E63D-4E97-87C6-AB55E924FA3C}.AppStore|iPhoneSimulator.Build.0 = Release|x86
		{A333727F-E63D-4E97-87C6-AB55E924FA3C}.AppStore|iPhoneSimulator.Deploy.0 = Release|x86
		{A333727F-E63D-4E97-87C6-AB55E924FA3C}.AppStore|x64.ActiveCfg = Release|x64
		{A333727F-E63D-4E97-87C6-AB55E924FA3C}.AppStore|x64.Build.0 = Release|x64
		{A333727F-E63D-4E97-87C6-AB55E924FA3C}.AppStore|x64.Deploy.0 = Release|x64
		{A333727F-E63D-4E97-87C6-AB55E924FA3C}.AppStore|x86.ActiveCfg = Release|x86
		{A333727F-E63D-4E97-87C6-AB55E924FA3C}.AppStore|x86.Build.0 = Release|x86
		{A333727F-E63D-4E97-87C6-AB55E924FA3C}.AppStore|x86.Deploy.0 = Release|x86
		{A333727F-E63D-4E97-87C6-AB55E924FA3C}.Debug|Any CPU.ActiveCfg = Debug|x86
		{A333727F-E63D-4E97-87C6-AB55E924FA3C}.Debug|ARM.ActiveCfg = Debug|ARM
		{A333727F-E63D-4E97-87C6-AB55E924FA3C}.Debug|ARM.Build.0 = Debug|ARM
		{A333727F-E63D-4E97-87C6-AB55E924FA3C}.Debug|ARM.Deploy.0 = Debug|ARM
		{A333727F-E63D-4E97-87C6-AB55E924FA3C}.Debug|iPhone.ActiveCfg = Debug|x86
		{A333727F-E63D-4E97-87C6-AB55E924FA3C}.Debug|iPhoneSimulator.ActiveCfg = Debug|x86
		{A333727F-E63D-4E97-87C6-AB55E924FA3C}.Debug|x64.ActiveCfg = Debug|x64
		{A333727F-E63D-4E97-87C6-AB55E924FA3C}.Debug|x64.Build.0 = Debug|x64
		{A333727F-E63D-4E97-87C6-AB55E924FA3C}.Debug|x64.Deploy.0 = Debug|x64
		{A333727F-E63D-4E97-87C6-AB55E924FA3C}.Debug|x86.ActiveCfg = Debug|x86
		{A333727F-E63D-4E97-87C6-AB55E924FA3C}.Debug|x86.Build.0 = Debug|x86
		{A333727F-E63D-4E97-87C6-AB55E924FA3C}.Debug|x86.Deploy.0 = Debug|x86
		{A333727F-E63D-4E97-87C6-AB55E924FA3C}.Release|Any CPU.ActiveCfg = Release|x86
		{A333727F-E63D-4E97-87C6-AB55E924FA3C}.Release|ARM.ActiveCfg = Release|ARM
		{A333727F-E63D-4E97-87C6-AB55E924FA3C}.Release|ARM.Build.0 = Release|ARM
		{A333727F-E63D-4E97-87C6-AB55E924FA3C}.Release|ARM.Deploy.0 = Release|ARM
		{A333727F-E63D-4E97-87C6-AB55E924FA3C}.Release|iPhone.ActiveCfg = Release|x86
		{A333727F-E63D-4E97-87C6-AB55E924FA3C}.Release|iPhoneSimulator.ActiveCfg = Release|x86
		{A333727F-E63D-4E97-87C6-AB55E924FA3C}.Release|x64.ActiveCfg = Release|x64
		{A333727F-E63D-4E97-87C6-AB55E924FA3C}.Release|x64.Build.0 = Release|x64
		{A333727F-E63D-4E97-87C6-AB55E924FA3C}.Release|x64.Deploy.0 = Release|x64
		{A333727F-E63D-4E97-87C6-AB55E924FA3C}.Release|x86.ActiveCfg = Release|x86
		{A333727F-E63D-4E97-87C6-AB55E924FA3C}.Release|x86.Build.0 = Release|x86
		{A333727F-E63D-4E97-87C6-AB55E924FA3C}.Release|x86.Deploy.0 = Release|x86
		{77FE2864-400C-4FEB-9EB5-A2CB9FD2AAD6}.Ad-Hoc|Any CPU.ActiveCfg = Ad-Hoc|iPhone
		{77FE2864-400C-4FEB-9EB5-A2CB9FD2AAD6}.Ad-Hoc|ARM.ActiveCfg = Ad-Hoc|iPhone
		{77FE2864-400C-4FEB-9EB5-A2CB9FD2AAD6}.Ad-Hoc|iPhone.ActiveCfg = Ad-Hoc|iPhone
		{77FE2864-400C-4FEB-9EB5-A2CB9FD2AAD6}.Ad-Hoc|iPhone.Build.0 = Ad-Hoc|iPhone
		{77FE2864-400C-4FEB-9EB5-A2CB9FD2AAD6}.Ad-Hoc|iPhoneSimulator.ActiveCfg = Ad-Hoc|iPhoneSimulator
		{77FE2864-400C-4FEB-9EB5-A2CB9FD2AAD6}.Ad-Hoc|iPhoneSimulator.Build.0 = Ad-Hoc|iPhoneSimulator
		{77FE2864-400C-4FEB-9EB5-A2CB9FD2AAD6}.Ad-Hoc|x64.ActiveCfg = Ad-Hoc|iPhone
		{77FE2864-400C-4FEB-9EB5-A2CB9FD2AAD6}.Ad-Hoc|x86.ActiveCfg = Ad-Hoc|iPhone
		{77FE2864-400C-4FEB-9EB5-A2CB9FD2AAD6}.AppStore|Any CPU.ActiveCfg = AppStore|iPhone
		{77FE2864-400C-4FEB-9EB5-A2CB9FD2AAD6}.AppStore|ARM.ActiveCfg = AppStore|iPhone
		{77FE2864-400C-4FEB-9EB5-A2CB9FD2AAD6}.AppStore|iPhone.ActiveCfg = AppStore|iPhone
		{77FE2864-400C-4FEB-9EB5-A2CB9FD2AAD6}.AppStore|iPhone.Build.0 = AppStore|iPhone
		{77FE2864-400C-4FEB-9EB5-A2CB9FD2AAD6}.AppStore|iPhoneSimulator.ActiveCfg = AppStore|iPhoneSimulator
		{77FE2864-400C-4FEB-9EB5-A2CB9FD2AAD6}.AppStore|iPhoneSimulator.Build.0 = AppStore|iPhoneSimulator
		{77FE2864-400C-4FEB-9EB5-A2CB9FD2AAD6}.AppStore|x64.ActiveCfg = AppStore|iPhone
		{77FE2864-400C-4FEB-9EB5-A2CB9FD2AAD6}.AppStore|x86.ActiveCfg = AppStore|iPhone
		{77FE2864-400C-4FEB-9EB5-A2CB9FD2AAD6}.Debug|Any CPU.ActiveCfg = Debug|iPhone
		{77FE2864-400C-4FEB-9EB5-A2CB9FD2AAD6}.Debug|ARM.ActiveCfg = Debug|iPhone
		{77FE2864-400C-4FEB-9EB5-A2CB9FD2AAD6}.Debug|iPhone.ActiveCfg = Debug|iPhone
		{77FE2864-400C-4FEB-9EB5-A2CB9FD2AAD6}.Debug|iPhone.Build.0 = Debug|iPhone
		{77FE2864-400C-4FEB-9EB5-A2CB9FD2AAD6}.Debug|iPhoneSimulator.ActiveCfg = Debug|iPhoneSimulator
		{77FE2864-400C-4FEB-9EB5-A2CB9FD2AAD6}.Debug|iPhoneSimulator.Build.0 = Debug|iPhoneSimulator
		{77FE2864-400C-4FEB-9EB5-A2CB9FD2AAD6}.Debug|x64.ActiveCfg = Debug|iPhone
		{77FE2864-400C-4FEB-9EB5-A2CB9FD2AAD6}.Debug|x86.ActiveCfg = Debug|iPhone
		{77FE2864-400C-4FEB-9EB5-A2CB9FD2AAD6}.Release|Any CPU.ActiveCfg = Release|iPhone
		{77FE2864-400C-4FEB-9EB5-A2CB9FD2AAD6}.Release|ARM.ActiveCfg = Release|iPhone
		{77FE2864-400C-4FEB-9EB5-A2CB9FD2AAD6}.Release|iPhone.ActiveCfg = Release|iPhone
		{77FE2864-400C-4FEB-9EB5-A2CB9FD2AAD6}.Release|iPhone.Build.0 = Release|iPhone
		{77FE2864-400C-4FEB-9EB5-A2CB9FD2AAD6}.Release|iPhoneSimulator.ActiveCfg = Release|iPhoneSimulator
		{77FE2864-400C-4FEB-9EB5-A2CB9FD2AAD6}.Release|iPhoneSimulator.Build.0 = Release|iPhoneSimulator
		{77FE2864-400C-4FEB-9EB5-A2CB9FD2AAD6}.Release|x64.ActiveCfg = Release|iPhone
		{77FE2864-400C-4FEB-9EB5-A2CB9FD2AAD6}.Release|x86.ActiveCfg = Release|iPhone
	EndGlobalSection
	GlobalSection(SolutionProperties) = preSolution
		HideSolutionNode = FALSE
	EndGlobalSection
	GlobalSection(ExtensibilityGlobals) = postSolution
		SolutionGuid = {B9CDC32E-E58F-4D1E-B451-3D28A110F8F3}
	EndGlobalSection
EndGlobal
